
Microsoft Visual Studio Solution File, Format Version 12.00
# Visual Studio Version 16
VisualStudioVersion = 16.0.32126.315
MinimumVisualStudioVersion = 10.0.40219.1
Project("{2150E333-8FDC-42A3-9474-1A3956D46DE8}") = "Core", "Core", "{0C707FB3-083A-47FC-BF4F-9C426BB39B7D}"
EndProject
Project("{FAE04EC0-301F-11D3-BF4B-00C04F79EFBC}") = "ETicaretAPI.Domain", "Core\ETicaretAPI.Domain\ETicaretAPI.Domain.csproj", "{DE7DEE31-B9D4-499C-ACE7-B10D5F831A57}"
EndProject
Project("{2150E333-8FDC-42A3-9474-1A3956D46DE8}") = "Infrastructure", "Infrastructure", "{963E7AD9-5273-4C78-93EC-C4CABBB27234}"
EndProject
Project("{FAE04EC0-301F-11D3-BF4B-00C04F79EFBC}") = "ETicaretAPI.Application", "Core\ETicaretAPI.Application\ETicaretAPI.Application.csproj", "{7394B1C0-5BB4-4164-8397-C25C543D74FC}"
EndProject
Project("{FAE04EC0-301F-11D3-BF4B-00C04F79EFBC}") = "ETicaretAPI.Infrastructure", "Infrastructure\ETicaretAPI.Infrastructure\ETicaretAPI.Infrastructure.csproj", "{FD17934B-8098-46DF-BC97-CA1ACC187A26}"
EndProject
Project("{FAE04EC0-301F-11D3-BF4B-00C04F79EFBC}") = "ETicaretAPI.Persistence", "..\ETicaretAPI(Infrastructure\ETicaretAPI.Persistence\ETicaretAPI.Persistence.csproj", "{7760982D-4B38-4F94-BECA-2241D079D362}"
EndProject
Global
	GlobalSection(SolutionConfigurationPlatforms) = preSolution
		Debug|Any CPU = Debug|Any CPU
		Release|Any CPU = Release|Any CPU
	EndGlobalSection
	GlobalSection(ProjectConfigurationPlatforms) = postSolution
		{DE7DEE31-B9D4-499C-ACE7-B10D5F831A57}.Debug|Any CPU.ActiveCfg = Debug|Any CPU
		{DE7DEE31-B9D4-499C-ACE7-B10D5F831A57}.Debug|Any CPU.Build.0 = Debug|Any CPU
		{DE7DEE31-B9D4-499C-ACE7-B10D5F831A57}.Release|Any CPU.ActiveCfg = Release|Any CPU
		{DE7DEE31-B9D4-499C-ACE7-B10D5F831A57}.Release|Any CPU.Build.0 = Release|Any CPU
		{7394B1C0-5BB4-4164-8397-C25C543D74FC}.Debug|Any CPU.ActiveCfg = Debug|Any CPU
		{7394B1C0-5BB4-4164-8397-C25C543D74FC}.Debug|Any CPU.Build.0 = Debug|Any CPU
		{7394B1C0-5BB4-4164-8397-C25C543D74FC}.Release|Any CPU.ActiveCfg = Release|Any CPU
		{7394B1C0-5BB4-4164-8397-C25C543D74FC}.Release|Any CPU.Build.0 = Release|Any CPU
		{FD17934B-8098-46DF-BC97-CA1ACC187A26}.Debug|Any CPU.ActiveCfg = Debug|Any CPU
		{FD17934B-8098-46DF-BC97-CA1ACC187A26}.Debug|Any CPU.Build.0 = Debug|Any CPU
		{FD17934B-8098-46DF-BC97-CA1ACC187A26}.Release|Any CPU.ActiveCfg = Release|Any CPU
		{FD17934B-8098-46DF-BC97-CA1ACC187A26}.Release|Any CPU.Build.0 = Release|Any CPU
		{7760982D-4B38-4F94-BECA-2241D079D362}.Debug|Any CPU.ActiveCfg = Debug|Any CPU
		{7760982D-4B38-4F94-BECA-2241D079D362}.Debug|Any CPU.Build.0 = Debug|Any CPU
		{7760982D-4B38-4F94-BECA-2241D079D362}.Release|Any CPU.ActiveCfg = Release|Any CPU
		{7760982D-4B38-4F94-BECA-2241D079D362}.Release|Any CPU.Build.0 = Release|Any CPU
	EndGlobalSection
	GlobalSection(SolutionProperties) = preSolution
		HideSolutionNode = FALSE
	EndGlobalSection
	GlobalSection(NestedProjects) = preSolution
		{DE7DEE31-B9D4-499C-ACE7-B10D5F831A57} = {0C707FB3-083A-47FC-BF4F-9C426BB39B7D}
		{7394B1C0-5BB4-4164-8397-C25C543D74FC} = {0C707FB3-083A-47FC-BF4F-9C426BB39B7D}
		{FD17934B-8098-46DF-BC97-CA1ACC187A26} = {963E7AD9-5273-4C78-93EC-C4CABBB27234}
		{7760982D-4B38-4F94-BECA-2241D079D362} = {963E7AD9-5273-4C78-93EC-C4CABBB27234}
	EndGlobalSection
	GlobalSection(ExtensibilityGlobals) = postSolution
		SolutionGuid = {907D5651-8C24-4E89-8095-9C0C18A1D0F6}
	EndGlobalSection
EndGlobal
